{
  "version": 1,
  "dependencies": {
    "net10.0-windows7.0": {
      "DalamudPackager": {
        "type": "Direct",
        "requested": "[15.0.0, )",
        "resolved": "15.0.0",
        "contentHash": "411vwC8/X8Z/sQ2TI6v3SvOn66xFPeOjFn3Zn+h0d3Ox2t1kFm66AhDvmx/qcMwVrR+Hidxj0dadpQ2dgyXMBQ=="
      },
      "DotNet.ReproducibleBuilds": {
        "type": "Direct",
        "requested": "[2.0.5, )",
        "resolved": "2.0.5",
        "contentHash": "8LrlvI1KpjjJ4VGSqZ16yoOCKlQnYS+Y8rYNifNrscmVh5anJcF9E4e0NiDP30BHBMUbkoJ5KdcxoRWM7Pz9Aw=="
      },
      "ECommons": {
        "type": "Direct",
        "requested": "[3.2.1.17, )",
        "resolved": "3.2.1.17",
        "contentHash": "gIjvCFzqJApeyncqDegjvs2QFAVoXuwkrfFimhXWhu6x8zAloh8Wyu1Qu8BSym79HuTu4v5/U/HhNqkFy6uwoA=="
      },
      "Pictomancy": {
        "type": "Direct",
        "requested": "[1.0.10, )",
        "resolved": "1.0.10",
        "contentHash": "xHRbKtdyT15T58oZH4QSHdsnjlRMc3Vi4DbrnnIWeeZfDX3yyBu0CiVYUR37ALIGcOd1sl0bpX/9GpLl+PEMTg==",
        "dependencies": {
          "KamiToolKit": "1.1.2",
          "SharpDX.D3DCompiler": "4.2.0",
          "SharpDX.Direct2D1": "4.2.0",
          "SharpDX.Direct3D11": "4.2.0",
          "SharpDX.Mathematics": "4.2.0"
        }
      },
      "KamiToolKit": {
        "type": "Transitive",
        "resolved": "1.1.2",
        "contentHash": "pyydp+XFd+E00uEXXd44GGNCCH2uAK1ndwjLVHKVrHg059g65ry+92a5UdDISWZRJMhK+LcDpDUPSijnFavCvQ==",
        "dependencies": {
          "SixLabors.ImageSharp": "3.1.12"
        }
      },
      "Microsoft.NETCore.Platforms": {
        "type": "Transitive",
        "resolved": "1.1.0",
        "contentHash": "kz0PEW2lhqygehI/d6XsPCQzD7ff7gUJaVGPVETX611eadGsA3A877GdSlU0LRVMCTH/+P3o2iDTak+S08V2+A=="
      },
      "NETStandard.Library": {
        "type": "Transitive",
        "resolved": "1.6.1",
        "contentHash": "WcSp3+vP+yHNgS8EV5J7pZ9IRpeDuARBPN28by8zqff1wJQXm26PVU8L3/fYLBJVU7BtDyqNVWq2KlCVvSSR4A==",
        "dependencies": {
          "Microsoft.NETCore.Platforms": "1.1.0"
        }
      },
      "SharpDX": {
        "type": "Transitive",
        "resolved": "4.2.0",
        "contentHash": "3pv0LFMvfK/dv1qISJnn8xBeeT6R/FRvr0EV4KI2DGsL84Qlv6P7isWqxGyU0LCwlSVCJN3jgHJ4Bl0KI2PJww==",
        "dependencies": {
          "NETStandard.Library": "1.6.1"
        }
      },
      "SharpDX.D3DCompiler": {
        "type": "Transitive",
        "resolved": "4.2.0",
        "contentHash": "Rnsd6Ilp127xbXqhTit8WKFQUrXwWxqVGpglyWDNkIBCk0tWXNQEjrJpsl0KAObzyZaa33+EXAikLVt5fnd3GA==",
        "dependencies": {
          "NETStandard.Library": "1.6.1",
          "SharpDX": "4.2.0"
        }
      },
      "SharpDX.Direct2D1": {
        "type": "Transitive",
        "resolved": "4.2.0",
        "contentHash": "Qs8LzDMaQf1u3KB8ArHu9pDv6itZ++QXs99a/bVAG+nKr0Hx5NG4mcN5vsfE0mVR2TkeHfeUm4PksRah6VUPtA==",
        "dependencies": {
          "NETStandard.Library": "1.6.1",
          "SharpDX": "4.2.0",
          "SharpDX.DXGI": "4.2.0"
        }
      },
      "SharpDX.Direct3D11": {
        "type": "Transitive",
        "resolved": "4.2.0",
        "contentHash": "oTm/iT5X/IIuJ8kNYP+DTC/MhBhqtRF5dbgPPFgLBdQv0BKzNTzXQQXd7SveBFjQg6hXEAJ2jGCAzNYvGFc9LA==",
        "dependencies": {
          "NETStandard.Library": "1.6.1",
          "SharpDX": "4.2.0",
          "SharpDX.DXGI": "4.2.0"
        }
      },
      "SharpDX.DXGI": {
        "type": "Transitive",
        "resolved": "4.2.0",
        "contentHash": "UjKqkgWc8U+SP+j3LBzFP6OB6Ntapjih7Xo+g1rLcsGbIb5KwewBrBChaUu7sil8rWoeVU/k0EJd3SMN4VqNZw==",
        "dependencies": {
          "NETStandard.Library": "1.6.1",
          "SharpDX": "4.2.0"
        }
      },
      "SharpDX.Mathematics": {
        "type": "Transitive",
        "resolved": "4.2.0",
        "contentHash": "R2pcKLgdsP9p5WyTjHmGOZ0ka0zASAZYc6P4L6rSvjYhf6klGYbent7MiVwbkwkt9dD44p5brjy5IwAnVONWGw==",
        "dependencies": {
          "NETStandard.Library": "1.6.1",
          "SharpDX": "4.2.0"
        }
      },
      "SixLabors.ImageSharp": {
        "type": "Transitive",
        "resolved": "3.1.12",
        "contentHash": "iAg6zifihXEFS/t7fiHhZBGAdCp3FavsF4i2ZIDp0JfeYeDVzvmlbY1CNhhIKimaIzrzSi5M/NBFcWvZT2rB/A=="
      }
    }
  }
}